uuid: e4bfa233-d72f-4f48-88ef-f72c33238c7b
langcode: en
status: true
dependencies:
  config:
    - views.view.who_s_online
  module:
    - views
  theme:
    - custom_theme
id: custom_theme_views_block__who_s_online_who_s_online_block
theme: custom_theme
region: custom
weight: 0
provider: null
plugin: 'views_block:who_s_online-who_s_online_block'
settings:
  id: 'views_block:who_s_online-who_s_online_block'
  label: ''
  label_display: visible
  provider: views
  views_label: ''
  items_per_page: none
visibility: {  }
